
Microsoft Visual Studio Solution File, Format Version 12.00
# Visual Studio Version 16
VisualStudioVersion = 16.0.29209.62
MinimumVisualStudioVersion = 10.0.40219.1
Project("{9A19103F-16F7-4668-BE54-9A1E7A4F7556}") = "beholder-eye", "src\beholder-eye\beholder-eye.csproj", "{6EBBA9C8-87D8-4DAF-825A-426066D1F4D1}"
EndProject
Project("{9A19103F-16F7-4668-BE54-9A1E7A4F7556}") = "beholder-eye-benchmarks", "src\beholder-eye-benchmarks\beholder-eye-benchmarks.csproj", "{BD262C4E-D48C-44DA-970C-6AD1CA27480E}"
EndProject
Project("{9A19103F-16F7-4668-BE54-9A1E7A4F7556}") = "beholder-eye-tests", "src\beholder-eye-tests\beholder-eye-tests.csproj", "{2F2D15CB-DA15-48A9-8E04-08EFC2C512A3}"
EndProject
Global
	GlobalSection(SolutionConfigurationPlatforms) = preSolution
		Debug|Any CPU = Debug|Any CPU
		Release|Any CPU = Release|Any CPU
	EndGlobalSection
	GlobalSection(ProjectConfigurationPlatforms) = postSolution
		{6EBBA9C8-87D8-4DAF-825A-426066D1F4D1}.Debug|Any CPU.ActiveCfg = Debug|Any CPU
		{6EBBA9C8-87D8-4DAF-825A-426066D1F4D1}.Debug|Any CPU.Build.0 = Debug|Any CPU
		{6EBBA9C8-87D8-4DAF-825A-426066D1F4D1}.Release|Any CPU.ActiveCfg = Release|Any CPU
		{6EBBA9C8-87D8-4DAF-825A-426066D1F4D1}.Release|Any CPU.Build.0 = Release|Any CPU
		{BD262C4E-D48C-44DA-970C-6AD1CA27480E}.Debug|Any CPU.ActiveCfg = Debug|Any CPU
		{BD262C4E-D48C-44DA-970C-6AD1CA27480E}.Debug|Any CPU.Build.0 = Debug|Any CPU
		{BD262C4E-D48C-44DA-970C-6AD1CA27480E}.Release|Any CPU.ActiveCfg = Release|Any CPU
		{BD262C4E-D48C-44DA-970C-6AD1CA27480E}.Release|Any CPU.Build.0 = Release|Any CPU
		{2F2D15CB-DA15-48A9-8E04-08EFC2C512A3}.Debug|Any CPU.ActiveCfg = Debug|Any CPU
		{2F2D15CB-DA15-48A9-8E04-08EFC2C512A3}.Debug|Any CPU.Build.0 = Debug|Any CPU
		{2F2D15CB-DA15-48A9-8E04-08EFC2C512A3}.Release|Any CPU.ActiveCfg = Release|Any CPU
		{2F2D15CB-DA15-48A9-8E04-08EFC2C512A3}.Release|Any CPU.Build.0 = Release|Any CPU
	EndGlobalSection
	GlobalSection(SolutionProperties) = preSolution
		HideSolutionNode = FALSE
	EndGlobalSection
	GlobalSection(ExtensibilityGlobals) = postSolution
		SolutionGuid = {8EBE676C-54BE-4B0C-BD7C-30A64C17EBE0}
	EndGlobalSection
EndGlobal
